version = 1
revision = 3
requires-python = ">=3.12"

[[package]]
name = "asgiref"
version = "3.11.0"
source = { registry = "https://pypi.org/simple" }
sdist = { url = "https://files.pythonhosted.org/packages/76/b9/4db2509eabd14b4a8c71d1b24c8d5734c52b8560a7b1e1a8b56c8d25568b/asgiref-3.11.0.tar.gz", hash = "sha256:13acff32519542a1736223fb79a715acdebe24286d98e8b164a73085f40da2c4", size = 37969, upload-time = "2025-11-19T15:32:20.106Z" }
wheels = [
    { url = "https://files.pythonhosted.org/packages/91/be/317c2c55b8bbec407257d45f5c8d1b6867abc76d12043f2d3d58c538a4ea/asgiref-3.11.0-py3-none-any.whl", hash = "sha256:1db9021efadb0d9512ce8ffaf72fcef601c7b73a8807a1bb2ef143dc6b14846d", size = 24096, upload-time = "2025-11-19T15:32:19.004Z" },
]

[[package]]
name = "colorama"
version = "0.4.6"
source = { registry = "https://pypi.org/simple" }
sdist = { url = "https://files.pythonhosted.org/packages/d8/53/6f443c9a4a8358a93a6792e2acffb9d9d5cb0a5cfd8802644b7b1c9a02e4/colorama-0.4.6.tar.gz", hash = "sha256:08695f5cb7ed6e0531a20572697297273c47b8cae5a63ffc6d6ed5c201be6e44", size = 27697, upload-time = "2022-10-25T02:36:22.414Z" }
wheels = [
    { url = "https://files.pythonhosted.org/packages/d1/d6/3965ed04c63042e047cb6a3e6ed1a63a35087b6a609aa3a15ed8ac56c221/colorama-0.4.6-py2.py3-none-any.whl", hash = "sha256:4f1d9991f5acc0ca119f9d443620b77f9d6b33703e51011c16baf57afb285fc6", size = 25335, upload-time = "2022-10-25T02:36:20.889Z" },
]

[[package]]
name = "django"
version = "6.0"
source = { registry = "https://pypi.org/simple" }
dependencies = [
    { name = "asgiref" },
    { name = "sqlparse" },
    { name = "tzdata", marker = "sys_platform == 'win32'" },
]
sdist = { url = "https://files.pythonhosted.org/packages/15/75/19762bfc4ea556c303d9af8e36f0cd910ab17dff6c8774644314427a2120/django-6.0.tar.gz", hash = "sha256:7b0c1f50c0759bbe6331c6a39c89ae022a84672674aeda908784617ef47d8e26", size = 10932418, upload-time = "2025-12-03T16:26:21.878Z" }
wheels = [
    { url = "https://files.pythonhosted.org/packages/d7/ae/f19e24789a5ad852670d6885f5480f5e5895576945fcc01817dfd9bc002a/django-6.0-py3-none-any.whl", hash = "sha256:1cc2c7344303bbfb7ba5070487c17f7fc0b7174bbb0a38cebf03c675f5f19b6d", size = 8339181, upload-time = "2025-12-03T16:26:16.231Z" },
]

[[package]]
name = "django-typescript-routes"
version = "0.4.0"
source = { editable = "." }
dependencies = [
    { name = "django" },
]

[package.dev-dependencies]
dev = [
    { name = "pytest" },
    { name = "ruff" },
]

[package.metadata]
requires-dist = [{ name = "django", specifier = ">=5.1,<7" }]

[package.metadata.requires-dev]
dev = [
    { name = "pytest", specifier = ">=7.4.0,<8" },
    { name = "ruff", specifier = ">=0.0.284,<0.0.285" },
]

[[package]]
name = "iniconfig"
version = "2.0.0"
source = { registry = "https://pypi.org/simple" }
sdist = { url = "https://files.pythonhosted.org/packages/d7/4b/cbd8e699e64a6f16ca3a8220661b5f83792b3017d0f79807cb8708d33913/iniconfig-2.0.0.tar.gz", hash = "sha256:2d91e135bf72d31a410b17c16da610a82cb55f6b0477d1a902134b24a455b8b3", size = 4646, upload-time = "2023-01-07T11:08:11.254Z" }
wheels = [
    { url = "https://files.pythonhosted.org/packages/ef/a6/62565a6e1cf69e10f5727360368e451d4b7f58beeac6173dc9db836a5b46/iniconfig-2.0.0-py3-none-any.whl", hash = "sha256:b6a85871a79d2e3b22d2d1b94ac2824226a63c6b741c88f7ae975f18b6778374", size = 5892, upload-time = "2023-01-07T11:08:09.864Z" },
]

[[package]]
name = "packaging"
version = "24.1"
source = { registry = "https://pypi.org/simple" }
sdist = { url = "https://files.pythonhosted.org/packages/51/65/50db4dda066951078f0a96cf12f4b9ada6e4b811516bf0262c0f4f7064d4/packaging-24.1.tar.gz", hash = "sha256:026ed72c8ed3fcce5bf8950572258698927fd1dbda10a5e981cdf0ac37f4f002", size = 148788, upload-time = "2024-06-09T23:19:24.956Z" }
wheels = [
    { url = "https://files.pythonhosted.org/packages/08/aa/cc0199a5f0ad350994d660967a8efb233fe0416e4639146c089643407ce6/packaging-24.1-py3-none-any.whl", hash = "sha256:5b8f2217dbdbd2f7f384c41c628544e6d52f2d0f53c6d0c3ea61aa5d1d7ff124", size = 53985, upload-time = "2024-06-09T23:19:21.909Z" },
]

[[package]]
name = "pluggy"
version = "1.5.0"
source = { registry = "https://pypi.org/simple" }
sdist = { url = "https://files.pythonhosted.org/packages/96/2d/02d4312c973c6050a18b314a5ad0b3210edb65a906f868e31c111dede4a6/pluggy-1.5.0.tar.gz", hash = "sha256:2cffa88e94fdc978c4c574f15f9e59b7f4201d439195c3715ca9e2486f1d0cf1", size = 67955, upload-time = "2024-04-20T21:34:42.531Z" }
wheels = [
    { url = "https://files.pythonhosted.org/packages/88/5f/e351af9a41f866ac3f1fac4ca0613908d9a41741cfcf2228f4ad853b697d/pluggy-1.5.0-py3-none-any.whl", hash = "sha256:44e1ad92c8ca002de6377e165f3e0f1be63266ab4d554740532335b9d75ea669", size = 20556, upload-time = "2024-04-20T21:34:40.434Z" },
]

[[package]]
name = "pytest"
version = "7.4.4"
source = { registry = "https://pypi.org/simple" }
dependencies = [
    { name = "colorama", marker = "sys_platform == 'win32'" },
    { name = "iniconfig" },
    { name = "packaging" },
    { name = "pluggy" },
]
sdist = { url = "https://files.pythonhosted.org/packages/80/1f/9d8e98e4133ffb16c90f3b405c43e38d3abb715bb5d7a63a5a684f7e46a3/pytest-7.4.4.tar.gz", hash = "sha256:2cf0005922c6ace4a3e2ec8b4080eb0d9753fdc93107415332f50ce9e7994280", size = 1357116, upload-time = "2023-12-31T12:00:18.035Z" }
wheels = [
    { url = "https://files.pythonhosted.org/packages/51/ff/f6e8b8f39e08547faece4bd80f89d5a8de68a38b2d179cc1c4490ffa3286/pytest-7.4.4-py3-none-any.whl", hash = "sha256:b090cdf5ed60bf4c45261be03239c2c1c22df034fbffe691abe93cd80cea01d8", size = 325287, upload-time = "2023-12-31T12:00:13.963Z" },
]

[[package]]
name = "ruff"
version = "0.0.284"
source = { registry = "https://pypi.org/simple" }
sdist = { url = "https://files.pythonhosted.org/packages/ce/8a/f69eb801a82c6192ac3e8ed135dc0055f65fa7cee7798008f1a75b54945e/ruff-0.0.284.tar.gz", hash = "sha256:ebd3cc55cd499d326aac17a331deaea29bea206e01c08862f9b5c6e93d77a491", size = 1460991, upload-time = "2023-08-09T19:03:45.622Z" }
wheels = [
    { url = "https://files.pythonhosted.org/packages/48/47/b6562cbe5b20984662011f27a8349215145a167940f8188041b50ba3799b/ruff-0.0.284-py3-none-macosx_10_7_x86_64.whl", hash = "sha256:8b949084941232e2c27f8d12c78c5a6a010927d712ecff17231ee1a8371c205b", size = 5511521, upload-time = "2023-08-09T19:03:08.081Z" },
    { url = "https://files.pythonhosted.org/packages/cb/72/162879b9bf8b23749465299d7c46781ede5ebd05302127556b5a217d43fc/ruff-0.0.284-py3-none-macosx_10_9_x86_64.macosx_11_0_arm64.macosx_10_9_universal2.whl", hash = "sha256:a3930d66b35e4dc96197422381dff2a4e965e9278b5533e71ae8474ef202fab0", size = 10624330, upload-time = "2023-08-09T19:03:10.598Z" },
    { url = "https://files.pythonhosted.org/packages/67/f4/e9551e84f68988545101bbc363a6f0eec62c269be4df7632c6cdd7d9d929/ruff-0.0.284-py3-none-manylinux_2_17_aarch64.manylinux2014_aarch64.whl", hash = "sha256:1d1f7096038961d8bc3b956ee69d73826843eb5b39a5fa4ee717ed473ed69c95", size = 5375119, upload-time = "2023-08-09T19:03:13.344Z" },
    { url = "https://files.pythonhosted.org/packages/e2/c5/8fc7057de618e6602a371687f34515aa6ca6282255a5f9dfd5b6734d4162/ruff-0.0.284-py3-none-manylinux_2_17_armv7l.manylinux2014_armv7l.whl", hash = "sha256:bcaf85907fc905d838f46490ee15f04031927bbea44c478394b0bfdeadc27362", size = 5080890, upload-time = "2023-08-09T19:03:15.347Z" },
    { url = "https://files.pythonhosted.org/packages/21/d3/08984f8493156f2b9cfc86159075d5116dce861ddda2715b9b125e5cb3e5/ruff-0.0.284-py3-none-manylinux_2_17_i686.manylinux2014_i686.whl", hash = "sha256:b3660b85a9d84162a055f1add334623ae2d8022a84dcd605d61c30a57b436c32", size = 5504895, upload-time = "2023-08-09T19:03:17.754Z" },
    { url = "https://files.pythonhosted.org/packages/73/41/f75d55d75cc53c3230ec3bff6325e9aef0e5daea5d176eee4993eb252fdc/ruff-0.0.284-py3-none-manylinux_2_17_ppc64.manylinux2014_ppc64.whl", hash = "sha256:0a3218458b140ea794da72b20ea09cbe13c4c1cdb7ac35e797370354628f4c05", size = 6119472, upload-time = "2023-08-09T19:03:20.098Z" },
    { url = "https://files.pythonhosted.org/packages/9e/29/895765d896970b2fe633651a86a57f25baafc5b058b74b70592e8b31df09/ruff-0.0.284-py3-none-manylinux_2_17_ppc64le.manylinux2014_ppc64le.whl", hash = "sha256:b2fe880cff13fffd735387efbcad54ba0ff1272bceea07f86852a33ca71276f4", size = 6002432, upload-time = "2023-08-09T19:03:22.462Z" },
    { url = "https://files.pythonhosted.org/packages/93/dd/7dc6e56cbf0dfb8cea86f60f26cb511f12c9694c5fffc4ef5b0a6701111f/ruff-0.0.284-py3-none-manylinux_2_17_s390x.manylinux2014_s390x.whl", hash = "sha256:d1d098ea74d0ce31478765d1f8b4fbdbba2efc532397b5c5e8e5ea0c13d7e5ae", size = 6914846, upload-time = "2023-08-09T19:03:24.925Z" },
    { url = "https://files.pythonhosted.org/packages/bc/da/75543925543cb000cfc39c1ca1b4cd1b4bef39868da32d79b36de6fcb27d/ruff-0.0.284-py3-none-manylinux_2_17_x86_64.manylinux2014_x86_64.whl", hash = "sha256:c4c79ae3308e308b94635cd57a369d1e6f146d85019da2fbc63f55da183ee29b", size = 5721708, upload-time = "2023-08-09T19:03:27.657Z" },
    { url = "https://files.pythonhosted.org/packages/dc/29/7f75eb219effb8f256adc5be879af863494733ffe94b63ac522aa7134b85/ruff-0.0.284-py3-none-musllinux_1_2_aarch64.whl", hash = "sha256:f86b2b1e7033c00de45cc176cf26778650fb8804073a0495aca2f674797becbb", size = 5331664, upload-time = "2023-08-09T19:03:30.096Z" },
    { url = "https://files.pythonhosted.org/packages/f2/03/d25a0266abc3df6267589d86330214e1d6d2583f1c94206039209a8c0af9/ruff-0.0.284-py3-none-musllinux_1_2_armv7l.whl", hash = "sha256:e37e086f4d623c05cd45a6fe5006e77a2b37d57773aad96b7802a6b8ecf9c910", size = 5080917, upload-time = "2023-08-09T19:03:32.522Z" },
    { url = "https://files.pythonhosted.org/packages/c8/bb/85f6415f87d3300f2719095a8dd379484da042a76d58a4fef04ba9fc98d6/ruff-0.0.284-py3-none-musllinux_1_2_i686.whl", hash = "sha256:d29dfbe314e1131aa53df213fdfea7ee874dd96ea0dd1471093d93b59498384d", size = 5378354, upload-time = "2023-08-09T19:03:34.847Z" },
    { url = "https://files.pythonhosted.org/packages/46/c6/1b9d40fbcdd2e8a5a1fbef92f0d1c5c55b632f9d36e704fdb169508632fd/ruff-0.0.284-py3-none-musllinux_1_2_x86_64.whl", hash = "sha256:88295fd649d0aa1f1271441df75bf06266a199497afd239fd392abcfd75acd7e", size = 5780152, upload-time = "2023-08-09T19:03:36.994Z" },
    { url = "https://files.pythonhosted.org/packages/d7/04/e05129235c6b71f843a812808d939dda30c0874fea1c12007061a260025a/ruff-0.0.284-py3-none-win32.whl", hash = "sha256:735cd62fccc577032a367c31f6a9de7c1eb4c01fa9a2e60775067f44f3fc3091", size = 5265695, upload-time = "2023-08-09T19:03:39.243Z" },
    { url = "https://files.pythonhosted.org/packages/8a/19/dee5d945772de39830cdacfff5b6ee274968e8e09c233d9ea282818b3b84/ruff-0.0.284-py3-none-win_amd64.whl", hash = "sha256:f67ed868d79fbcc61ad0fa034fe6eed2e8d438d32abce9c04b7c4c1464b2cf8e", size = 5609985, upload-time = "2023-08-09T19:03:41.558Z" },
    { url = "https://files.pythonhosted.org/packages/21/a0/4392c875edd69441587e17a7041bf0bfc893d684b4e4d9166d44d7a7b7c0/ruff-0.0.284-py3-none-win_arm64.whl", hash = "sha256:1292cfc764eeec3cde35b3a31eae3f661d86418b5e220f5d5dba1c27a6eccbb6", size = 5405208, upload-time = "2023-08-09T19:03:44.104Z" },
]

[[package]]
name = "sqlparse"
version = "0.5.1"
source = { registry = "https://pypi.org/simple" }
sdist = { url = "https://files.pythonhosted.org/packages/73/82/dfa23ec2cbed08a801deab02fe7c904bfb00765256b155941d789a338c68/sqlparse-0.5.1.tar.gz", hash = "sha256:bb6b4df465655ef332548e24f08e205afc81b9ab86cb1c45657a7ff173a3a00e", size = 84502, upload-time = "2024-07-15T19:30:27.085Z" }
wheels = [
    { url = "https://files.pythonhosted.org/packages/5d/a5/b2860373aa8de1e626b2bdfdd6df4355f0565b47e51f7d0c54fe70faf8fe/sqlparse-0.5.1-py3-none-any.whl", hash = "sha256:773dcbf9a5ab44a090f3441e2180efe2560220203dc2f8c0b0fa141e18b505e4", size = 44156, upload-time = "2024-07-15T19:30:25.033Z" },
]

[[package]]
name = "tzdata"
version = "2024.2"
source = { registry = "https://pypi.org/simple" }
sdist = { url = "https://files.pythonhosted.org/packages/e1/34/943888654477a574a86a98e9896bae89c7aa15078ec29f490fef2f1e5384/tzdata-2024.2.tar.gz", hash = "sha256:7d85cc416e9382e69095b7bdf4afd9e3880418a2413feec7069d533d6b4e31cc", size = 193282, upload-time = "2024-09-23T18:56:46.89Z" }
wheels = [
    { url = "https://files.pythonhosted.org/packages/a6/ab/7e5f53c3b9d14972843a647d8d7a853969a58aecc7559cb3267302c94774/tzdata-2024.2-py2.py3-none-any.whl", hash = "sha256:a48093786cdcde33cad18c2555e8532f34422074448fbc874186f0abd79565cd", size = 346586, upload-time = "2024-09-23T18:56:45.478Z" },
]
